// !$*UTF8*$!
{
	archiveVersion = 1;
	classes = {
	};
	objectVersion = 55;
	objects = {

/* Begin PBXBuildFile section */
		921111A4273AE36F004577FA /* main.cpp in Sources */ = {isa = PBXBuildFile; fileRef = 921111A3273AE36F004577FA /* main.cpp */; };
		926A3942274437EB0035844A /* main.cpp in Sources */ = {isa = PBXBuildFile; fileRef = 926A3941274437EB0035844A /* main.cpp */; };
		9271B60B27395A2500F0A465 /* main.cpp in Sources */ = {isa = PBXBuildFile; fileRef = 9271B60A27395A2500F0A465 /* main.cpp */; };
/* End PBXBuildFile section */

/* Begin PBXCopyFilesBuildPhase section */
		9211119F273AE36F004577FA /* CopyFiles */ = {
			isa = PBXCopyFilesBuildPhase;
			buildActionMask = 2147483647;
			dstPath = /usr/share/man/man1/;
			dstSubfolderSpec = 0;
			files = (
			);
			runOnlyForDeploymentPostprocessing = 1;
		};
		926A393D274437EB0035844A /* CopyFiles */ = {
			isa = PBXCopyFilesBuildPhase;
			buildActionMask = 2147483647;
			dstPath = /usr/share/man/man1/;
			dstSubfolderSpec = 0;
			files = (
			);
			runOnlyForDeploymentPostprocessing = 1;
		};
		9271B60527395A2500F0A465 /* CopyFiles */ = {
			isa = PBXCopyFilesBuildPhase;
			buildActionMask = 2147483647;
			dstPath = /usr/share/man/man1/;
			dstSubfolderSpec = 0;
			files = (
			);
			runOnlyForDeploymentPostprocessing = 1;
		};
		92EF5BC72746B2A100F1B7FF /* CopyFiles */ = {
			isa = PBXCopyFilesBuildPhase;
			buildActionMask = 2147483647;
			dstPath = /usr/share/man/man1/;
			dstSubfolderSpec = 0;
			files = (
			);
			runOnlyForDeploymentPostprocessing = 1;
		};
/* End PBXCopyFilesBuildPhase section */

/* Begin PBXFileReference section */
		921111A1273AE36F004577FA /* task1 */ = {isa = PBXFileReference; explicitFileType = "compiled.mach-o.executable"; includeInIndex = 0; path = task1; sourceTree = BUILT_PRODUCTS_DIR; };
		921111A3273AE36F004577FA /* main.cpp */ = {isa = PBXFileReference; lastKnownFileType = sourcecode.cpp.cpp; path = main.cpp; sourceTree = "<group>"; };
		926A393F274437EB0035844A /* task2 */ = {isa = PBXFileReference; explicitFileType = "compiled.mach-o.executable"; includeInIndex = 0; path = task2; sourceTree = BUILT_PRODUCTS_DIR; };
		926A3941274437EB0035844A /* main.cpp */ = {isa = PBXFileReference; lastKnownFileType = sourcecode.cpp.cpp; path = main.cpp; sourceTree = "<group>"; };
		9271B60727395A2500F0A465 /* lab13 */ = {isa = PBXFileReference; explicitFileType = "compiled.mach-o.executable"; includeInIndex = 0; path = lab13; sourceTree = BUILT_PRODUCTS_DIR; };
		9271B60A27395A2500F0A465 /* main.cpp */ = {isa = PBXFileReference; lastKnownFileType = sourcecode.cpp.cpp; path = main.cpp; sourceTree = "<group>"; };
		92EF5BC92746B2A100F1B7FF /* а */ = {isa = PBXFileReference; explicitFileType = "compiled.mach-o.executable"; includeInIndex = 0; path = "а"; sourceTree = BUILT_PRODUCTS_DIR; };
/* End PBXFileReference section */

/* Begin PBXFrameworksBuildPhase section */
		9211119E273AE36F004577FA /* Frameworks */ = {
			isa = PBXFrameworksBuildPhase;
			buildActionMask = 2147483647;
			files = (
			);
			runOnlyForDeploymentPostprocessing = 0;
		};
		926A393C274437EB0035844A /* Frameworks */ = {
			isa = PBXFrameworksBuildPhase;
			buildActionMask = 2147483647;
			files = (
			);
			runOnlyForDeploymentPostprocessing = 0;
		};
		9271B60427395A2500F0A465 /* Frameworks */ = {
			isa = PBXFrameworksBuildPhase;
			buildActionMask = 2147483647;
			files = (
			);
			runOnlyForDeploymentPostprocessing = 0;
		};
		92EF5BC62746B2A100F1B7FF /* Frameworks */ = {
			isa = PBXFrameworksBuildPhase;
			buildActionMask = 2147483647;
			files = (
			);
			runOnlyForDeploymentPostprocessing = 0;
		};
/* End PBXFrameworksBuildPhase section */

/* Begin PBXGroup section */
		921111A2273AE36F004577FA /* task1 */ = {
			isa = PBXGroup;
			children = (
				921111A3273AE36F004577FA /* main.cpp */,
			);
			path = task1;
			sourceTree = "<group>";
		};
		926A3940274437EB0035844A /* task2 */ = {
			isa = PBXGroup;
			children = (
				926A3941274437EB0035844A /* main.cpp */,
			);
			path = task2;
			sourceTree = "<group>";
		};
		9271B5FE27395A2500F0A465 = {
			isa = PBXGroup;
			children = (
				9271B60927395A2500F0A465 /* lab13 */,
				921111A2273AE36F004577FA /* task1 */,
				926A3940274437EB0035844A /* task2 */,
				9271B60827395A2500F0A465 /* Products */,
			);
			sourceTree = "<group>";
		};
		9271B60827395A2500F0A465 /* Products */ = {
			isa = PBXGroup;
			children = (
				9271B60727395A2500F0A465 /* lab13 */,
				921111A1273AE36F004577FA /* task1 */,
				926A393F274437EB0035844A /* task2 */,
				92EF5BC92746B2A100F1B7FF /* а */,
			);
			name = Products;
			sourceTree = "<group>";
		};
		9271B60927395A2500F0A465 /* lab13 */ = {
			isa = PBXGroup;
			children = (
				9271B60A27395A2500F0A465 /* main.cpp */,
			);
			path = lab13;
			sourceTree = "<group>";
		};
/* End PBXGroup section */

/* Begin PBXNativeTarget section */
		921111A0273AE36F004577FA /* task1 */ = {
			isa = PBXNativeTarget;
			buildConfigurationList = 921111A7273AE36F004577FA /* Build configuration list for PBXNativeTarget "task1" */;
			buildPhases = (
				9211119D273AE36F004577FA /* Sources */,
				9211119E273AE36F004577FA /* Frameworks */,
				9211119F273AE36F004577FA /* CopyFiles */,
			);
			buildRules = (
			);
			dependencies = (
			);
			name = task1;
			productName = task1;
			productReference = 921111A1273AE36F004577FA /* task1 */;
			productType = "com.apple.product-type.tool";
		};
		926A393E274437EB0035844A /* task2 */ = {
			isa = PBXNativeTarget;
			buildConfigurationList = 926A3945274437EB0035844A /* Build configuration list for PBXNativeTarget "task2" */;
			buildPhases = (
				926A393B274437EB0035844A /* Sources */,
				926A393C274437EB0035844A /* Frameworks */,
				926A393D274437EB0035844A /* CopyFiles */,
			);
			buildRules = (
			);
			dependencies = (
			);
			name = task2;
			productName = task2;
			productReference = 926A393F274437EB0035844A /* task2 */;
			productType = "com.apple.product-type.tool";
		};
		9271B60627395A2500F0A465 /* lab13 */ = {
			isa = PBXNativeTarget;
			buildConfigurationList = 9271B60E27395A2500F0A465 /* Build configuration list for PBXNativeTarget "lab13" */;
			buildPhases = (
				9271B60327395A2500F0A465 /* Sources */,
				9271B60427395A2500F0A465 /* Frameworks */,
				9271B60527395A2500F0A465 /* CopyFiles */,
			);
			buildRules = (
			);
			dependencies = (
			);
			name = lab13;
			productName = lab13;
			productReference = 9271B60727395A2500F0A465 /* lab13 */;
			productType = "com.apple.product-type.tool";
		};
		92EF5BC82746B2A100F1B7FF /* а */ = {
			isa = PBXNativeTarget;
			buildConfigurationList = 92EF5BCF2746B2A100F1B7FF /* Build configuration list for PBXNativeTarget "а" */;
			buildPhases = (
				92EF5BC52746B2A100F1B7FF /* Sources */,
				92EF5BC62746B2A100F1B7FF /* Frameworks */,
				92EF5BC72746B2A100F1B7FF /* CopyFiles */,
			);
			buildRules = (
			);
			dependencies = (
			);
			name = "а";
			productName = "а";
			productReference = 92EF5BC92746B2A100F1B7FF /* а */;
			productType = "com.apple.product-type.tool";
		};
/* End PBXNativeTarget section */

/* Begin PBXProject section */
		9271B5FF27395A2500F0A465 /* Project object */ = {
			isa = PBXProject;
			attributes = {
				BuildIndependentTargetsInParallel = 1;
				LastUpgradeCheck = 1310;
				TargetAttributes = {
					921111A0273AE36F004577FA = {
						CreatedOnToolsVersion = 13.1;
					};
					926A393E274437EB0035844A = {
						CreatedOnToolsVersion = 13.1;
					};
					9271B60627395A2500F0A465 = {
						CreatedOnToolsVersion = 13.1;
					};
					92EF5BC82746B2A100F1B7FF = {
						CreatedOnToolsVersion = 13.1;
					};
				};
			};
			buildConfigurationList = 9271B60227395A2500F0A465 /* Build configuration list for PBXProject "lab13" */;
			compatibilityVersion = "Xcode 13.0";
			developmentRegion = en;
			hasScannedForEncodings = 0;
			knownRegions = (
				en,
				Base,
			);
			mainGroup = 9271B5FE27395A2500F0A465;
			productRefGroup = 9271B60827395A2500F0A465 /* Products */;
			projectDirPath = "";
			projectRoot = "";
			targets = (
				9271B60627395A2500F0A465 /* lab13 */,
				921111A0273AE36F004577FA /* task1 */,
				926A393E274437EB0035844A /* task2 */,
				92EF5BC82746B2A100F1B7FF /* а */,
			);
		};
/* End PBXProject section */

/* Begin PBXSourcesBuildPhase section */
		9211119D273AE36F004577FA /* Sources */ = {
			isa = PBXSourcesBuildPhase;
			buildActionMask = 2147483647;
			files = (
				921111A4273AE36F004577FA /* main.cpp in Sources */,
			);
			runOnlyForDeploymentPostprocessing = 0;
		};
		926A393B274437EB0035844A /* Sources */ = {
			isa = PBXSourcesBuildPhase;
			buildActionMask = 2147483647;
			files = (
				926A3942274437EB0035844A /* main.cpp in Sources */,
			);
			runOnlyForDeploymentPostprocessing = 0;
		};
		9271B60327395A2500F0A465 /* Sources */ = {
			isa = PBXSourcesBuildPhase;
			buildActionMask = 2147483647;
			files = (
				9271B60B27395A2500F0A465 /* main.cpp in Sources */,
			);
			runOnlyForDeploymentPostprocessing = 0;
		};
		92EF5BC52746B2A100F1B7FF /* Sources */ = {
			isa = PBXSourcesBuildPhase;
			buildActionMask = 2147483647;
			files = (
			);
			runOnlyForDeploymentPostprocessing = 0;
		};
/* End PBXSourcesBuildPhase section */

/* Begin XCBuildConfiguration section */
		921111A5273AE36F004577FA /* Debug */ = {
			isa = XCBuildConfiguration;
			buildSettings = {
				CODE_SIGN_STYLE = Automatic;
				PRODUCT_NAME = "$(TARGET_NAME)";
			};
			name = Debug;
		};
		921111A6273AE36F004577FA /* Release */ = {
			isa = XCBuildConfiguration;
			buildSettings = {
				CODE_SIGN_STYLE = Automatic;
				PRODUCT_NAME = "$(TARGET_NAME)";
			};
			name = Release;
		};
		926A3943274437EB0035844A /* Debug */ = {
			isa = XCBuildConfiguration;
			buildSettings = {
				CODE_SIGN_STYLE = Automatic;
				PRODUCT_NAME = "$(TARGET_NAME)";
			};
			name = Debug;
		};
		926A3944274437EB0035844A /* Release */ = {
			isa = XCBuildConfiguration;
			buildSettings = {
				CODE_SIGN_STYLE = Automatic;
				PRODUCT_NAME = "$(TARGET_NAME)";
			};
			name = Release;
		};
		9271B60C27395A2500F0A465 /* Debug */ = {
			isa = XCBuildConfiguration;
			buildSettings = {
				ALWAYS_SEARCH_USER_PATHS = NO;
				CLANG_ANALYZER_NONNULL = YES;
				CLANG_ANALYZER_NUMBER_OBJECT_CONVERSION = YES_AGGRESSIVE;
				CLANG_CXX_LANGUAGE_STANDARD = "gnu++17";
				CLANG_CXX_LIBRARY = "libc++";
				CLANG_ENABLE_MODULES = YES;
				CLANG_ENABLE_OBJC_ARC = YES;
				CLANG_ENABLE_OBJC_WEAK = YES;
				CLANG_WARN_BLOCK_CAPTURE_AUTORELEASING = YES;
				CLANG_WARN_BOOL_CONVERSION = YES;
				CLANG_WARN_COMMA = YES;
				CLANG_WARN_CONSTANT_CONVERSION = YES;
				CLANG_WARN_DEPRECATED_OBJC_IMPLEMENTATIONS = YES;
				CLANG_WARN_DIRECT_OBJC_ISA_USAGE = YES_ERROR;
				CLANG_WARN_DOCUMENTATION_COMMENTS = YES;
				CLANG_WARN_EMPTY_BODY = YES;
				CLANG_WARN_ENUM_CONVERSION = YES;
				CLANG_WARN_INFINITE_RECURSION = YES;
				CLANG_WARN_INT_CONVERSION = YES;
				CLANG_WARN_NON_LITERAL_NULL_CONVERSION = YES;
				CLANG_WARN_OBJC_IMPLICIT_RETAIN_SELF = YES;
				CLANG_WARN_OBJC_LITERAL_CONVERSION = YES;
				CLANG_WARN_OBJC_ROOT_CLASS = YES_ERROR;
				CLANG_WARN_QUOTED_INCLUDE_IN_FRAMEWORK_HEADER = YES;
				CLANG_WARN_RANGE_LOOP_ANALYSIS = YES;
				CLANG_WARN_STRICT_PROTOTYPES = YES;
				CLANG_WARN_SUSPICIOUS_MOVE = YES;
				CLANG_WARN_UNGUARDED_AVAILABILITY = YES_AGGRESSIVE;
				CLANG_WARN_UNREACHABLE_CODE = YES;
				CLANG_WARN__DUPLICATE_METHOD_MATCH = YES;
				COPY_PHASE_STRIP = NO;
				DEBUG_INFORMATION_FORMAT = dwarf;
				ENABLE_STRICT_OBJC_MSGSEND = YES;
				ENABLE_TESTABILITY = YES;
				GCC_C_LANGUAGE_STANDARD = gnu11;
				GCC_DYNAMIC_NO_PIC = NO;
				GCC_NO_COMMON_BLOCKS = YES;
				GCC_OPTIMIZATION_LEVEL = 0;
				GCC_PREPROCESSOR_DEFINITIONS = (
					"DEBUG=1",
					"$(inherited)",
				);
				GCC_WARN_64_TO_32_BIT_CONVERSION = YES;
				GCC_WARN_ABOUT_RETURN_TYPE = YES_ERROR;
				GCC_WARN_UNDECLARED_SELECTOR = YES;
				GCC_WARN_UNINITIALIZED_AUTOS = YES_AGGRESSIVE;
				GCC_WARN_UNUSED_FUNCTION = YES;
				GCC_WARN_UNUSED_VARIABLE = YES;
				MACOSX_DEPLOYMENT_TARGET = 11.6;
				MTL_ENABLE_DEBUG_INFO = INCLUDE_SOURCE;
				MTL_FAST_MATH = YES;
				ONLY_ACTIVE_ARCH = YES;
				SDKROOT = macosx;
			};
			name = Debug;
		};
		9271B60D27395A2500F0A465 /* Release */ = {
			isa = XCBuildConfiguration;
			buildSettings = {
				ALWAYS_SEARCH_USER_PATHS = NO;
				CLANG_ANALYZER_NONNULL = YES;
				CLANG_ANALYZER_NUMBER_OBJECT_CONVERSION = YES_AGGRESSIVE;
				CLANG_CXX_LANGUAGE_STANDARD = "gnu++17";
				CLANG_CXX_LIBRARY = "libc++";
				CLANG_ENABLE_MODULES = YES;
				CLANG_ENABLE_OBJC_ARC = YES;
				CLANG_ENABLE_OBJC_WEAK = YES;
				CLANG_WARN_BLOCK_CAPTURE_AUTORELEASING = YES;
				CLANG_WARN_BOOL_CONVERSION = YES;
				CLANG_WARN_COMMA = YES;
				CLANG_WARN_CONSTANT_CONVERSION = YES;
				CLANG_WARN_DEPRECATED_OBJC_IMPLEMENTATIONS = YES;
				CLANG_WARN_DIRECT_OBJC_ISA_USAGE = YES_ERROR;
				CLANG_WARN_DOCUMENTATION_COMMENTS = YES;
				CLANG_WARN_EMPTY_BODY = YES;
				CLANG_WARN_ENUM_CONVERSION = YES;
				CLANG_WARN_INFINITE_RECURSION = YES;
				CLANG_WARN_INT_CONVERSION = YES;
				CLANG_WARN_NON_LITERAL_NULL_CONVERSION = YES;
				CLANG_WARN_OBJC_IMPLICIT_RETAIN_SELF = YES;
				CLANG_WARN_OBJC_LITERAL_CONVERSION = YES;
				CLANG_WARN_OBJC_ROOT_CLASS = YES_ERROR;
				CLANG_WARN_QUOTED_INCLUDE_IN_FRAMEWORK_HEADER = YES;
				CLANG_WARN_RANGE_LOOP_ANALYSIS = YES;
				CLANG_WARN_STRICT_PROTOTYPES = YES;
				CLANG_WARN_SUSPICIOUS_MOVE = YES;
				CLANG_WARN_UNGUARDED_AVAILABILITY = YES_AGGRESSIVE;
				CLANG_WARN_UNREACHABLE_CODE = YES;
				CLANG_WARN__DUPLICATE_METHOD_MATCH = YES;
				COPY_PHASE_STRIP = NO;
				DEBUG_INFORMATION_FORMAT = "dwarf-with-dsym";
				ENABLE_NS_ASSERTIONS = NO;
				ENABLE_STRICT_OBJC_MSGSEND = YES;
				GCC_C_LANGUAGE_STANDARD = gnu11;
				GCC_NO_COMMON_BLOCKS = YES;
				GCC_WARN_64_TO_32_BIT_CONVERSION = YES;
				GCC_WARN_ABOUT_RETURN_TYPE = YES_ERROR;
				GCC_WARN_UNDECLARED_SELECTOR = YES;
				GCC_WARN_UNINITIALIZED_AUTOS = YES_AGGRESSIVE;
				GCC_WARN_UNUSED_FUNCTION = YES;
				GCC_WARN_UNUSED_VARIABLE = YES;
				MACOSX_DEPLOYMENT_TARGET = 11.6;
				MTL_ENABLE_DEBUG_INFO = NO;
				MTL_FAST_MATH = YES;
				SDKROOT = macosx;
			};
			name = Release;
		};
		9271B60F27395A2500F0A465 /* Debug */ = {
			isa = XCBuildConfiguration;
			buildSettings = {
				CODE_SIGN_STYLE = Automatic;
				PRODUCT_NAME = "$(TARGET_NAME)";
			};
			name = Debug;
		};
		9271B61027395A2500F0A465 /* Release */ = {
			isa = XCBuildConfiguration;
			buildSettings = {
				CODE_SIGN_STYLE = Automatic;
				PRODUCT_NAME = "$(TARGET_NAME)";
			};
			name = Release;
		};
		92EF5BCD2746B2A100F1B7FF /* Debug */ = {
			isa = XCBuildConfiguration;
			buildSettings = {
				CODE_SIGN_STYLE = Automatic;
				PRODUCT_NAME = "$(TARGET_NAME)";
			};
			name = Debug;
		};
		92EF5BCE2746B2A100F1B7FF /* Release */ = {
			isa = XCBuildConfiguration;
			buildSettings = {
				CODE_SIGN_STYLE = Automatic;
				PRODUCT_NAME = "$(TARGET_NAME)";
			};
			name = Release;
		};
/* End XCBuildConfiguration section */

/* Begin XCConfigurationList section */
		921111A7273AE36F004577FA /* Build configuration list for PBXNativeTarget "task1" */ = {
			isa = XCConfigurationList;
			buildConfigurations = (
				921111A5273AE36F004577FA /* Debug */,
				921111A6273AE36F004577FA /* Release */,
			);
			defaultConfigurationIsVisible = 0;
			defaultConfigurationName = Release;
		};
		926A3945274437EB0035844A /* Build configuration list for PBXNativeTarget "task2" */ = {
			isa = XCConfigurationList;
			buildConfigurations = (
				926A3943274437EB0035844A /* Debug */,
				926A3944274437EB0035844A /* Release */,
			);
			defaultConfigurationIsVisible = 0;
			defaultConfigurationName = Release;
		};
		9271B60227395A2500F0A465 /* Build configuration list for PBXProject "lab13" */ = {
			isa = XCConfigurationList;
			buildConfigurations = (
				9271B60C27395A2500F0A465 /* Debug */,
				9271B60D27395A2500F0A465 /* Release */,
			);
			defaultConfigurationIsVisible = 0;
			defaultConfigurationName = Release;
		};
		9271B60E27395A2500F0A465 /* Build configuration list for PBXNativeTarget "lab13" */ = {
			isa = XCConfigurationList;
			buildConfigurations = (
				9271B60F27395A2500F0A465 /* Debug */,
				9271B61027395A2500F0A465 /* Release */,
			);
			defaultConfigurationIsVisible = 0;
			defaultConfigurationName = Release;
		};
		92EF5BCF2746B2A100F1B7FF /* Build configuration list for PBXNativeTarget "а" */ = {
			isa = XCConfigurationList;
			buildConfigurations = (
				92EF5BCD2746B2A100F1B7FF /* Debug */,
				92EF5BCE2746B2A100F1B7FF /* Release */,
			);
			defaultConfigurationIsVisible = 0;
			defaultConfigurationName = Release;
		};
/* End XCConfigurationList section */
	};
	rootObject = 9271B5FF27395A2500F0A465 /* Project object */;
}
