// !$*UTF8*$!
{
	archiveVersion = 1;
	classes = {
	};
	objectVersion = 55;
	objects = {

/* Begin PBXBuildFile section */
		921EDFA02710D5C4001F9394 /* main.cpp in Sources */ = {isa = PBXBuildFile; fileRef = 921EDF9F2710D5C4001F9394 /* main.cpp */; };
		921EDFAD2710E0DA001F9394 /* main.cpp in Sources */ = {isa = PBXBuildFile; fileRef = 921EDFAC2710E0DA001F9394 /* main.cpp */; };
		921EDFB82710E227001F9394 /* main.cpp in Sources */ = {isa = PBXBuildFile; fileRef = 921EDFB72710E227001F9394 /* main.cpp */; };
		921EDFC32710F414001F9394 /* main.cpp in Sources */ = {isa = PBXBuildFile; fileRef = 921EDFC22710F414001F9394 /* main.cpp */; };
		921EDFCE2711072B001F9394 /* main.cpp in Sources */ = {isa = PBXBuildFile; fileRef = 921EDFCD2711072B001F9394 /* main.cpp */; };
/* End PBXBuildFile section */

/* Begin PBXCopyFilesBuildPhase section */
		921EDF9A2710D5C4001F9394 /* CopyFiles */ = {
			isa = PBXCopyFilesBuildPhase;
			buildActionMask = 2147483647;
			dstPath = /usr/share/man/man1/;
			dstSubfolderSpec = 0;
			files = (
			);
			runOnlyForDeploymentPostprocessing = 1;
		};
		921EDFA82710E0D9001F9394 /* CopyFiles */ = {
			isa = PBXCopyFilesBuildPhase;
			buildActionMask = 2147483647;
			dstPath = /usr/share/man/man1/;
			dstSubfolderSpec = 0;
			files = (
			);
			runOnlyForDeploymentPostprocessing = 1;
		};
		921EDFB32710E227001F9394 /* CopyFiles */ = {
			isa = PBXCopyFilesBuildPhase;
			buildActionMask = 2147483647;
			dstPath = /usr/share/man/man1/;
			dstSubfolderSpec = 0;
			files = (
			);
			runOnlyForDeploymentPostprocessing = 1;
		};
		921EDFBE2710F413001F9394 /* CopyFiles */ = {
			isa = PBXCopyFilesBuildPhase;
			buildActionMask = 2147483647;
			dstPath = /usr/share/man/man1/;
			dstSubfolderSpec = 0;
			files = (
			);
			runOnlyForDeploymentPostprocessing = 1;
		};
		921EDFC92711072B001F9394 /* CopyFiles */ = {
			isa = PBXCopyFilesBuildPhase;
			buildActionMask = 2147483647;
			dstPath = /usr/share/man/man1/;
			dstSubfolderSpec = 0;
			files = (
			);
			runOnlyForDeploymentPostprocessing = 1;
		};
/* End PBXCopyFilesBuildPhase section */

/* Begin PBXFileReference section */
		921EDF9C2710D5C4001F9394 /* lab8 */ = {isa = PBXFileReference; explicitFileType = "compiled.mach-o.executable"; includeInIndex = 0; path = lab8; sourceTree = BUILT_PRODUCTS_DIR; };
		921EDF9F2710D5C4001F9394 /* main.cpp */ = {isa = PBXFileReference; lastKnownFileType = sourcecode.cpp.cpp; path = main.cpp; sourceTree = "<group>"; };
		921EDFAA2710E0D9001F9394 /* task1 */ = {isa = PBXFileReference; explicitFileType = "compiled.mach-o.executable"; includeInIndex = 0; path = task1; sourceTree = BUILT_PRODUCTS_DIR; };
		921EDFAC2710E0DA001F9394 /* main.cpp */ = {isa = PBXFileReference; lastKnownFileType = sourcecode.cpp.cpp; path = main.cpp; sourceTree = "<group>"; };
		921EDFB52710E227001F9394 /* task2 */ = {isa = PBXFileReference; explicitFileType = "compiled.mach-o.executable"; includeInIndex = 0; path = task2; sourceTree = BUILT_PRODUCTS_DIR; };
		921EDFB72710E227001F9394 /* main.cpp */ = {isa = PBXFileReference; lastKnownFileType = sourcecode.cpp.cpp; path = main.cpp; sourceTree = "<group>"; };
		921EDFC02710F413001F9394 /* task3 */ = {isa = PBXFileReference; explicitFileType = "compiled.mach-o.executable"; includeInIndex = 0; path = task3; sourceTree = BUILT_PRODUCTS_DIR; };
		921EDFC22710F414001F9394 /* main.cpp */ = {isa = PBXFileReference; lastKnownFileType = sourcecode.cpp.cpp; path = main.cpp; sourceTree = "<group>"; };
		921EDFCB2711072B001F9394 /* task4 */ = {isa = PBXFileReference; explicitFileType = "compiled.mach-o.executable"; includeInIndex = 0; path = task4; sourceTree = BUILT_PRODUCTS_DIR; };
		921EDFCD2711072B001F9394 /* main.cpp */ = {isa = PBXFileReference; lastKnownFileType = sourcecode.cpp.cpp; path = main.cpp; sourceTree = "<group>"; };
/* End PBXFileReference section */

/* Begin PBXFrameworksBuildPhase section */
		921EDF992710D5C4001F9394 /* Frameworks */ = {
			isa = PBXFrameworksBuildPhase;
			buildActionMask = 2147483647;
			files = (
			);
			runOnlyForDeploymentPostprocessing = 0;
		};
		921EDFA72710E0D9001F9394 /* Frameworks */ = {
			isa = PBXFrameworksBuildPhase;
			buildActionMask = 2147483647;
			files = (
			);
			runOnlyForDeploymentPostprocessing = 0;
		};
		921EDFB22710E227001F9394 /* Frameworks */ = {
			isa = PBXFrameworksBuildPhase;
			buildActionMask = 2147483647;
			files = (
			);
			runOnlyForDeploymentPostprocessing = 0;
		};
		921EDFBD2710F413001F9394 /* Frameworks */ = {
			isa = PBXFrameworksBuildPhase;
			buildActionMask = 2147483647;
			files = (
			);
			runOnlyForDeploymentPostprocessing = 0;
		};
		921EDFC82711072B001F9394 /* Frameworks */ = {
			isa = PBXFrameworksBuildPhase;
			buildActionMask = 2147483647;
			files = (
			);
			runOnlyForDeploymentPostprocessing = 0;
		};
/* End PBXFrameworksBuildPhase section */

/* Begin PBXGroup section */
		921EDF932710D5C4001F9394 = {
			isa = PBXGroup;
			children = (
				921EDF9E2710D5C4001F9394 /* lab8 */,
				921EDFAB2710E0DA001F9394 /* task1 */,
				921EDFB62710E227001F9394 /* task2 */,
				921EDFC12710F414001F9394 /* task3 */,
				921EDFCC2711072B001F9394 /* task4 */,
				921EDF9D2710D5C4001F9394 /* Products */,
			);
			sourceTree = "<group>";
		};
		921EDF9D2710D5C4001F9394 /* Products */ = {
			isa = PBXGroup;
			children = (
				921EDF9C2710D5C4001F9394 /* lab8 */,
				921EDFAA2710E0D9001F9394 /* task1 */,
				921EDFB52710E227001F9394 /* task2 */,
				921EDFC02710F413001F9394 /* task3 */,
				921EDFCB2711072B001F9394 /* task4 */,
			);
			name = Products;
			sourceTree = "<group>";
		};
		921EDF9E2710D5C4001F9394 /* lab8 */ = {
			isa = PBXGroup;
			children = (
				921EDF9F2710D5C4001F9394 /* main.cpp */,
			);
			path = lab8;
			sourceTree = "<group>";
		};
		921EDFAB2710E0DA001F9394 /* task1 */ = {
			isa = PBXGroup;
			children = (
				921EDFAC2710E0DA001F9394 /* main.cpp */,
			);
			path = task1;
			sourceTree = "<group>";
		};
		921EDFB62710E227001F9394 /* task2 */ = {
			isa = PBXGroup;
			children = (
				921EDFB72710E227001F9394 /* main.cpp */,
			);
			path = task2;
			sourceTree = "<group>";
		};
		921EDFC12710F414001F9394 /* task3 */ = {
			isa = PBXGroup;
			children = (
				921EDFC22710F414001F9394 /* main.cpp */,
			);
			path = task3;
			sourceTree = "<group>";
		};
		921EDFCC2711072B001F9394 /* task4 */ = {
			isa = PBXGroup;
			children = (
				921EDFCD2711072B001F9394 /* main.cpp */,
			);
			path = task4;
			sourceTree = "<group>";
		};
/* End PBXGroup section */

/* Begin PBXNativeTarget section */
		921EDF9B2710D5C4001F9394 /* lab8 */ = {
			isa = PBXNativeTarget;
			buildConfigurationList = 921EDFA32710D5C4001F9394 /* Build configuration list for PBXNativeTarget "lab8" */;
			buildPhases = (
				921EDF982710D5C4001F9394 /* Sources */,
				921EDF992710D5C4001F9394 /* Frameworks */,
				921EDF9A2710D5C4001F9394 /* CopyFiles */,
			);
			buildRules = (
			);
			dependencies = (
			);
			name = lab8;
			productName = lab8;
			productReference = 921EDF9C2710D5C4001F9394 /* lab8 */;
			productType = "com.apple.product-type.tool";
		};
		921EDFA92710E0D9001F9394 /* task1 */ = {
			isa = PBXNativeTarget;
			buildConfigurationList = 921EDFAE2710E0DA001F9394 /* Build configuration list for PBXNativeTarget "task1" */;
			buildPhases = (
				921EDFA62710E0D9001F9394 /* Sources */,
				921EDFA72710E0D9001F9394 /* Frameworks */,
				921EDFA82710E0D9001F9394 /* CopyFiles */,
			);
			buildRules = (
			);
			dependencies = (
			);
			name = task1;
			productName = task1;
			productReference = 921EDFAA2710E0D9001F9394 /* task1 */;
			productType = "com.apple.product-type.tool";
		};
		921EDFB42710E227001F9394 /* task2 */ = {
			isa = PBXNativeTarget;
			buildConfigurationList = 921EDFB92710E227001F9394 /* Build configuration list for PBXNativeTarget "task2" */;
			buildPhases = (
				921EDFB12710E227001F9394 /* Sources */,
				921EDFB22710E227001F9394 /* Frameworks */,
				921EDFB32710E227001F9394 /* CopyFiles */,
			);
			buildRules = (
			);
			dependencies = (
			);
			name = task2;
			productName = task2;
			productReference = 921EDFB52710E227001F9394 /* task2 */;
			productType = "com.apple.product-type.tool";
		};
		921EDFBF2710F413001F9394 /* task3 */ = {
			isa = PBXNativeTarget;
			buildConfigurationList = 921EDFC42710F414001F9394 /* Build configuration list for PBXNativeTarget "task3" */;
			buildPhases = (
				921EDFBC2710F413001F9394 /* Sources */,
				921EDFBD2710F413001F9394 /* Frameworks */,
				921EDFBE2710F413001F9394 /* CopyFiles */,
			);
			buildRules = (
			);
			dependencies = (
			);
			name = task3;
			productName = task3;
			productReference = 921EDFC02710F413001F9394 /* task3 */;
			productType = "com.apple.product-type.tool";
		};
		921EDFCA2711072B001F9394 /* task4 */ = {
			isa = PBXNativeTarget;
			buildConfigurationList = 921EDFCF2711072B001F9394 /* Build configuration list for PBXNativeTarget "task4" */;
			buildPhases = (
				921EDFC72711072B001F9394 /* Sources */,
				921EDFC82711072B001F9394 /* Frameworks */,
				921EDFC92711072B001F9394 /* CopyFiles */,
			);
			buildRules = (
			);
			dependencies = (
			);
			name = task4;
			productName = task4;
			productReference = 921EDFCB2711072B001F9394 /* task4 */;
			productType = "com.apple.product-type.tool";
		};
/* End PBXNativeTarget section */

/* Begin PBXProject section */
		921EDF942710D5C4001F9394 /* Project object */ = {
			isa = PBXProject;
			attributes = {
				BuildIndependentTargetsInParallel = 1;
				LastUpgradeCheck = 1300;
				TargetAttributes = {
					921EDF9B2710D5C4001F9394 = {
						CreatedOnToolsVersion = 13.0;
					};
					921EDFA92710E0D9001F9394 = {
						CreatedOnToolsVersion = 13.0;
					};
					921EDFB42710E227001F9394 = {
						CreatedOnToolsVersion = 13.0;
					};
					921EDFBF2710F413001F9394 = {
						CreatedOnToolsVersion = 13.0;
					};
					921EDFCA2711072B001F9394 = {
						CreatedOnToolsVersion = 13.0;
					};
				};
			};
			buildConfigurationList = 921EDF972710D5C4001F9394 /* Build configuration list for PBXProject "lab8" */;
			compatibilityVersion = "Xcode 13.0";
			developmentRegion = en;
			hasScannedForEncodings = 0;
			knownRegions = (
				en,
				Base,
			);
			mainGroup = 921EDF932710D5C4001F9394;
			productRefGroup = 921EDF9D2710D5C4001F9394 /* Products */;
			projectDirPath = "";
			projectRoot = "";
			targets = (
				921EDF9B2710D5C4001F9394 /* lab8 */,
				921EDFA92710E0D9001F9394 /* task1 */,
				921EDFB42710E227001F9394 /* task2 */,
				921EDFBF2710F413001F9394 /* task3 */,
				921EDFCA2711072B001F9394 /* task4 */,
			);
		};
/* End PBXProject section */

/* Begin PBXSourcesBuildPhase section */
		921EDF982710D5C4001F9394 /* Sources */ = {
			isa = PBXSourcesBuildPhase;
			buildActionMask = 2147483647;
			files = (
				921EDFA02710D5C4001F9394 /* main.cpp in Sources */,
			);
			runOnlyForDeploymentPostprocessing = 0;
		};
		921EDFA62710E0D9001F9394 /* Sources */ = {
			isa = PBXSourcesBuildPhase;
			buildActionMask = 2147483647;
			files = (
				921EDFAD2710E0DA001F9394 /* main.cpp in Sources */,
			);
			runOnlyForDeploymentPostprocessing = 0;
		};
		921EDFB12710E227001F9394 /* Sources */ = {
			isa = PBXSourcesBuildPhase;
			buildActionMask = 2147483647;
			files = (
				921EDFB82710E227001F9394 /* main.cpp in Sources */,
			);
			runOnlyForDeploymentPostprocessing = 0;
		};
		921EDFBC2710F413001F9394 /* Sources */ = {
			isa = PBXSourcesBuildPhase;
			buildActionMask = 2147483647;
			files = (
				921EDFC32710F414001F9394 /* main.cpp in Sources */,
			);
			runOnlyForDeploymentPostprocessing = 0;
		};
		921EDFC72711072B001F9394 /* Sources */ = {
			isa = PBXSourcesBuildPhase;
			buildActionMask = 2147483647;
			files = (
				921EDFCE2711072B001F9394 /* main.cpp in Sources */,
			);
			runOnlyForDeploymentPostprocessing = 0;
		};
/* End PBXSourcesBuildPhase section */

/* Begin XCBuildConfiguration section */
		921EDFA12710D5C4001F9394 /* Debug */ = {
			isa = XCBuildConfiguration;
			buildSettings = {
				ALWAYS_SEARCH_USER_PATHS = NO;
				CLANG_ANALYZER_NONNULL = YES;
				CLANG_ANALYZER_NUMBER_OBJECT_CONVERSION = YES_AGGRESSIVE;
				CLANG_CXX_LANGUAGE_STANDARD = "gnu++17";
				CLANG_CXX_LIBRARY = "libc++";
				CLANG_ENABLE_MODULES = YES;
				CLANG_ENABLE_OBJC_ARC = YES;
				CLANG_ENABLE_OBJC_WEAK = YES;
				CLANG_WARN_BLOCK_CAPTURE_AUTORELEASING = YES;
				CLANG_WARN_BOOL_CONVERSION = YES;
				CLANG_WARN_COMMA = YES;
				CLANG_WARN_CONSTANT_CONVERSION = YES;
				CLANG_WARN_DEPRECATED_OBJC_IMPLEMENTATIONS = YES;
				CLANG_WARN_DIRECT_OBJC_ISA_USAGE = YES_ERROR;
				CLANG_WARN_DOCUMENTATION_COMMENTS = YES;
				CLANG_WARN_EMPTY_BODY = YES;
				CLANG_WARN_ENUM_CONVERSION = YES;
				CLANG_WARN_INFINITE_RECURSION = YES;
				CLANG_WARN_INT_CONVERSION = YES;
				CLANG_WARN_NON_LITERAL_NULL_CONVERSION = YES;
				CLANG_WARN_OBJC_IMPLICIT_RETAIN_SELF = YES;
				CLANG_WARN_OBJC_LITERAL_CONVERSION = YES;
				CLANG_WARN_OBJC_ROOT_CLASS = YES_ERROR;
				CLANG_WARN_QUOTED_INCLUDE_IN_FRAMEWORK_HEADER = YES;
				CLANG_WARN_RANGE_LOOP_ANALYSIS = YES;
				CLANG_WARN_STRICT_PROTOTYPES = YES;
				CLANG_WARN_SUSPICIOUS_MOVE = YES;
				CLANG_WARN_UNGUARDED_AVAILABILITY = YES_AGGRESSIVE;
				CLANG_WARN_UNREACHABLE_CODE = YES;
				CLANG_WARN__DUPLICATE_METHOD_MATCH = YES;
				COPY_PHASE_STRIP = NO;
				DEBUG_INFORMATION_FORMAT = dwarf;
				ENABLE_STRICT_OBJC_MSGSEND = YES;
				ENABLE_TESTABILITY = YES;
				GCC_C_LANGUAGE_STANDARD = gnu11;
				GCC_DYNAMIC_NO_PIC = NO;
				GCC_NO_COMMON_BLOCKS = YES;
				GCC_OPTIMIZATION_LEVEL = 0;
				GCC_PREPROCESSOR_DEFINITIONS = (
					"DEBUG=1",
					"$(inherited)",
				);
				GCC_WARN_64_TO_32_BIT_CONVERSION = YES;
				GCC_WARN_ABOUT_RETURN_TYPE = YES_ERROR;
				GCC_WARN_UNDECLARED_SELECTOR = YES;
				GCC_WARN_UNINITIALIZED_AUTOS = YES_AGGRESSIVE;
				GCC_WARN_UNUSED_FUNCTION = YES;
				GCC_WARN_UNUSED_VARIABLE = YES;
				MACOSX_DEPLOYMENT_TARGET = 11.3;
				MTL_ENABLE_DEBUG_INFO = INCLUDE_SOURCE;
				MTL_FAST_MATH = YES;
				ONLY_ACTIVE_ARCH = YES;
				SDKROOT = macosx;
			};
			name = Debug;
		};
		921EDFA22710D5C4001F9394 /* Release */ = {
			isa = XCBuildConfiguration;
			buildSettings = {
				ALWAYS_SEARCH_USER_PATHS = NO;
				CLANG_ANALYZER_NONNULL = YES;
				CLANG_ANALYZER_NUMBER_OBJECT_CONVERSION = YES_AGGRESSIVE;
				CLANG_CXX_LANGUAGE_STANDARD = "gnu++17";
				CLANG_CXX_LIBRARY = "libc++";
				CLANG_ENABLE_MODULES = YES;
				CLANG_ENABLE_OBJC_ARC = YES;
				CLANG_ENABLE_OBJC_WEAK = YES;
				CLANG_WARN_BLOCK_CAPTURE_AUTORELEASING = YES;
				CLANG_WARN_BOOL_CONVERSION = YES;
				CLANG_WARN_COMMA = YES;
				CLANG_WARN_CONSTANT_CONVERSION = YES;
				CLANG_WARN_DEPRECATED_OBJC_IMPLEMENTATIONS = YES;
				CLANG_WARN_DIRECT_OBJC_ISA_USAGE = YES_ERROR;
				CLANG_WARN_DOCUMENTATION_COMMENTS = YES;
				CLANG_WARN_EMPTY_BODY = YES;
				CLANG_WARN_ENUM_CONVERSION = YES;
				CLANG_WARN_INFINITE_RECURSION = YES;
				CLANG_WARN_INT_CONVERSION = YES;
				CLANG_WARN_NON_LITERAL_NULL_CONVERSION = YES;
				CLANG_WARN_OBJC_IMPLICIT_RETAIN_SELF = YES;
				CLANG_WARN_OBJC_LITERAL_CONVERSION = YES;
				CLANG_WARN_OBJC_ROOT_CLASS = YES_ERROR;
				CLANG_WARN_QUOTED_INCLUDE_IN_FRAMEWORK_HEADER = YES;
				CLANG_WARN_RANGE_LOOP_ANALYSIS = YES;
				CLANG_WARN_STRICT_PROTOTYPES = YES;
				CLANG_WARN_SUSPICIOUS_MOVE = YES;
				CLANG_WARN_UNGUARDED_AVAILABILITY = YES_AGGRESSIVE;
				CLANG_WARN_UNREACHABLE_CODE = YES;
				CLANG_WARN__DUPLICATE_METHOD_MATCH = YES;
				COPY_PHASE_STRIP = NO;
				DEBUG_INFORMATION_FORMAT = "dwarf-with-dsym";
				ENABLE_NS_ASSERTIONS = NO;
				ENABLE_STRICT_OBJC_MSGSEND = YES;
				GCC_C_LANGUAGE_STANDARD = gnu11;
				GCC_NO_COMMON_BLOCKS = YES;
				GCC_WARN_64_TO_32_BIT_CONVERSION = YES;
				GCC_WARN_ABOUT_RETURN_TYPE = YES_ERROR;
				GCC_WARN_UNDECLARED_SELECTOR = YES;
				GCC_WARN_UNINITIALIZED_AUTOS = YES_AGGRESSIVE;
				GCC_WARN_UNUSED_FUNCTION = YES;
				GCC_WARN_UNUSED_VARIABLE = YES;
				MACOSX_DEPLOYMENT_TARGET = 11.3;
				MTL_ENABLE_DEBUG_INFO = NO;
				MTL_FAST_MATH = YES;
				SDKROOT = macosx;
			};
			name = Release;
		};
		921EDFA42710D5C4001F9394 /* Debug */ = {
			isa = XCBuildConfiguration;
			buildSettings = {
				CODE_SIGN_STYLE = Automatic;
				PRODUCT_NAME = "$(TARGET_NAME)";
			};
			name = Debug;
		};
		921EDFA52710D5C4001F9394 /* Release */ = {
			isa = XCBuildConfiguration;
			buildSettings = {
				CODE_SIGN_STYLE = Automatic;
				PRODUCT_NAME = "$(TARGET_NAME)";
			};
			name = Release;
		};
		921EDFAF2710E0DA001F9394 /* Debug */ = {
			isa = XCBuildConfiguration;
			buildSettings = {
				CODE_SIGN_STYLE = Automatic;
				PRODUCT_NAME = "$(TARGET_NAME)";
			};
			name = Debug;
		};
		921EDFB02710E0DA001F9394 /* Release */ = {
			isa = XCBuildConfiguration;
			buildSettings = {
				CODE_SIGN_STYLE = Automatic;
				PRODUCT_NAME = "$(TARGET_NAME)";
			};
			name = Release;
		};
		921EDFBA2710E227001F9394 /* Debug */ = {
			isa = XCBuildConfiguration;
			buildSettings = {
				CODE_SIGN_STYLE = Automatic;
				PRODUCT_NAME = "$(TARGET_NAME)";
			};
			name = Debug;
		};
		921EDFBB2710E227001F9394 /* Release */ = {
			isa = XCBuildConfiguration;
			buildSettings = {
				CODE_SIGN_STYLE = Automatic;
				PRODUCT_NAME = "$(TARGET_NAME)";
			};
			name = Release;
		};
		921EDFC52710F414001F9394 /* Debug */ = {
			isa = XCBuildConfiguration;
			buildSettings = {
				CODE_SIGN_STYLE = Automatic;
				PRODUCT_NAME = "$(TARGET_NAME)";
			};
			name = Debug;
		};
		921EDFC62710F414001F9394 /* Release */ = {
			isa = XCBuildConfiguration;
			buildSettings = {
				CODE_SIGN_STYLE = Automatic;
				PRODUCT_NAME = "$(TARGET_NAME)";
			};
			name = Release;
		};
		921EDFD02711072B001F9394 /* Debug */ = {
			isa = XCBuildConfiguration;
			buildSettings = {
				CODE_SIGN_STYLE = Automatic;
				PRODUCT_NAME = "$(TARGET_NAME)";
			};
			name = Debug;
		};
		921EDFD12711072B001F9394 /* Release */ = {
			isa = XCBuildConfiguration;
			buildSettings = {
				CODE_SIGN_STYLE = Automatic;
				PRODUCT_NAME = "$(TARGET_NAME)";
			};
			name = Release;
		};
/* End XCBuildConfiguration section */

/* Begin XCConfigurationList section */
		921EDF972710D5C4001F9394 /* Build configuration list for PBXProject "lab8" */ = {
			isa = XCConfigurationList;
			buildConfigurations = (
				921EDFA12710D5C4001F9394 /* Debug */,
				921EDFA22710D5C4001F9394 /* Release */,
			);
			defaultConfigurationIsVisible = 0;
			defaultConfigurationName = Release;
		};
		921EDFA32710D5C4001F9394 /* Build configuration list for PBXNativeTarget "lab8" */ = {
			isa = XCConfigurationList;
			buildConfigurations = (
				921EDFA42710D5C4001F9394 /* Debug */,
				921EDFA52710D5C4001F9394 /* Release */,
			);
			defaultConfigurationIsVisible = 0;
			defaultConfigurationName = Release;
		};
		921EDFAE2710E0DA001F9394 /* Build configuration list for PBXNativeTarget "task1" */ = {
			isa = XCConfigurationList;
			buildConfigurations = (
				921EDFAF2710E0DA001F9394 /* Debug */,
				921EDFB02710E0DA001F9394 /* Release */,
			);
			defaultConfigurationIsVisible = 0;
			defaultConfigurationName = Release;
		};
		921EDFB92710E227001F9394 /* Build configuration list for PBXNativeTarget "task2" */ = {
			isa = XCConfigurationList;
			buildConfigurations = (
				921EDFBA2710E227001F9394 /* Debug */,
				921EDFBB2710E227001F9394 /* Release */,
			);
			defaultConfigurationIsVisible = 0;
			defaultConfigurationName = Release;
		};
		921EDFC42710F414001F9394 /* Build configuration list for PBXNativeTarget "task3" */ = {
			isa = XCConfigurationList;
			buildConfigurations = (
				921EDFC52710F414001F9394 /* Debug */,
				921EDFC62710F414001F9394 /* Release */,
			);
			defaultConfigurationIsVisible = 0;
			defaultConfigurationName = Release;
		};
		921EDFCF2711072B001F9394 /* Build configuration list for PBXNativeTarget "task4" */ = {
			isa = XCConfigurationList;
			buildConfigurations = (
				921EDFD02711072B001F9394 /* Debug */,
				921EDFD12711072B001F9394 /* Release */,
			);
			defaultConfigurationIsVisible = 0;
			defaultConfigurationName = Release;
		};
/* End XCConfigurationList section */
	};
	rootObject = 921EDF942710D5C4001F9394 /* Project object */;
}
